// !$*UTF8*$!
{
	archiveVersion = 1;
	classes = {
	};
	objectVersion = 77;
	objects = {

/* Begin PBXBuildFile section */
		0000C49B1E7A218AA0D0B4F7 /* NoArchiveView.swift in Sources */ = {isa = PBXBuildFile; fileRef = F092DBBC94A4D46895F3BEFB /* NoArchiveView.swift */; };
		003374EF5ABD4E0760DE271C /* SourceDBReader.swift in Sources */ = {isa = PBXBuildFile; fileRef = BD2D46C17479F78A053C16EC /* SourceDBReader.swift */; };
		04393C9A0C29DE00766D0361 /* Thumbnailer.swift in Sources */ = {isa = PBXBuildFile; fileRef = E79A6136B490295EEE13264D /* Thumbnailer.swift */; };
		05C079775EC453CAEB71C236 /* ArchiveManifest.swift in Sources */ = {isa = PBXBuildFile; fileRef = 3F30103889EF3C337C9E8BF4 /* ArchiveManifest.swift */; };
		0656A46E6B88DD0E5B49EB6B /* AttachmentGridView.swift in Sources */ = {isa = PBXBuildFile; fileRef = 43E6943BEC5B5010B2F175A7 /* AttachmentGridView.swift */; };
		07ACE7776D47533286F3DA51 /* RootView.swift in Sources */ = {isa = PBXBuildFile; fileRef = 8AF9A3B13CDE126C07084C05 /* RootView.swift */; };
		0F0BB23287513267070935D0 /* AttachmentScanner.swift in Sources */ = {isa = PBXBuildFile; fileRef = E6063CEC7335C6DD32D0EE5E /* AttachmentScanner.swift */; };
		0F3881A4C893DC5244170083 /* SmartArchiveStyle.swift in Sources */ = {isa = PBXBuildFile; fileRef = 59595894EC167BDBD1D4D32F /* SmartArchiveStyle.swift */; };
		100BA1372FA0D17C5E5179CF /* ArchiveInfoView.swift in Sources */ = {isa = PBXBuildFile; fileRef = F45613E86FFD40EE92E8387D /* ArchiveInfoView.swift */; };
		100FCD65EE824C769E2965F4 /* PlatformNavigation.swift in Sources */ = {isa = PBXBuildFile; fileRef = F1CD3269F8BBA9911F57E3B1 /* PlatformNavigation.swift */; };
		10DCD9EB0D9705C95CD5184A /* ChatListView.swift in Sources */ = {isa = PBXBuildFile; fileRef = 75F6817AC430A04F3F777679 /* ChatListView.swift */; };
		18B826F3B45ECCC7E3E02D1C /* Chat.swift in Sources */ = {isa = PBXBuildFile; fileRef = 4E0B692BC5F2567C6326B828 /* Chat.swift */; };
		19A0A863815AB9F455CA19F5 /* ArchiveReader.swift in Sources */ = {isa = PBXBuildFile; fileRef = 821DD273186D880474C000C2 /* ArchiveReader.swift */; };
		1DF69F6C01D195A73C3B85A2 /* Monogram.swift in Sources */ = {isa = PBXBuildFile; fileRef = 6E8E31A7E21A457107F59541 /* Monogram.swift */; };
		2126BFB5B99BCF1E574C434E /* manifest.json in Resources */ = {isa = PBXBuildFile; fileRef = 7E12516BD19964BC078F6966 /* manifest.json */; };
		223C87C4A0CAC119C9B0FA10 /* iMessageArchiverMacApp.swift in Sources */ = {isa = PBXBuildFile; fileRef = 9509D46A3AAD2D95E947E757 /* iMessageArchiverMacApp.swift */; };
		277583E1113AA1C8D655E37C /* CreateArchiveCoordinator.swift in Sources */ = {isa = PBXBuildFile; fileRef = D148226BF17196C2D46C01F5 /* CreateArchiveCoordinator.swift */; };
		2FCFF2FEBCFAC98387CCF0BE /* Tokens.swift in Sources */ = {isa = PBXBuildFile; fileRef = 937207C2E2989D23D73E448A /* Tokens.swift */; };
		31B335308CA94BAA18F0FD0E /* PlatformImage.swift in Sources */ = {isa = PBXBuildFile; fileRef = 4A35F3581B65823A6AD49BE4 /* PlatformImage.swift */; };
		3778D0B8D3FC135D4157ED73 /* AttributedBodyDecoder.swift in Sources */ = {isa = PBXBuildFile; fileRef = B977BD23A26E0B7E3BAD164B /* AttributedBodyDecoder.swift */; };
		381667EA335DB75C177427B7 /* ArchiveWriter.swift in Sources */ = {isa = PBXBuildFile; fileRef = 05A93A74873F3C91904DA4C3 /* ArchiveWriter.swift */; };
		3A4884799E2E63CD7ED22B29 /* ArchiveVerifier.swift in Sources */ = {isa = PBXBuildFile; fileRef = 810DEEC4760AD2060165305F /* ArchiveVerifier.swift */; };
		3B33A3DDAAD7898774A52432 /* SearchView.swift in Sources */ = {isa = PBXBuildFile; fileRef = 51725FA2022930096F27A42D /* SearchView.swift */; };
		40CD4FC94040225682C0DF0E /* ArchiveWriter.swift in Sources */ = {isa = PBXBuildFile; fileRef = 05A93A74873F3C91904DA4C3 /* ArchiveWriter.swift */; };
		42F4D24E594A03BCD3260173 /* iMessageArchiverApp.swift in Sources */ = {isa = PBXBuildFile; fileRef = 6DA3E393326E18DB1A0BA99D /* iMessageArchiverApp.swift */; };
		4C9B5CEF5245756E2354A089 /* GRDB in Frameworks */ = {isa = PBXBuildFile; productRef = 7994F1349E28B6C043A049EE /* GRDB */; };
		4D905EDC5694017C449C94C9 /* AttachmentGridView.swift in Sources */ = {isa = PBXBuildFile; fileRef = 43E6943BEC5B5010B2F175A7 /* AttachmentGridView.swift */; };
		55914797D53D25538810FB33 /* CreateArchiveCoordinator.swift in Sources */ = {isa = PBXBuildFile; fileRef = D148226BF17196C2D46C01F5 /* CreateArchiveCoordinator.swift */; };
		57FB995079D8E45E2055E0DC /* GRDB in Frameworks */ = {isa = PBXBuildFile; productRef = 36AD865687D5E22802D18618 /* GRDB */; };
		5A0902F226D4125F6A1A40B4 /* ContactsResolver.swift in Sources */ = {isa = PBXBuildFile; fileRef = B638E467B388F7D6EDD8E3A5 /* ContactsResolver.swift */; };
		5A50E39468E28C15A76C3D9E /* Chat.swift in Sources */ = {isa = PBXBuildFile; fileRef = 4E0B692BC5F2567C6326B828 /* Chat.swift */; };
		5AD40665C18294A14A1DD849 /* SearchView.swift in Sources */ = {isa = PBXBuildFile; fileRef = 51725FA2022930096F27A42D /* SearchView.swift */; };
		5DC84988549ADF2DDF0135F0 /* TarReader.swift in Sources */ = {isa = PBXBuildFile; fileRef = 5327F4A7DB0B4FA7BC80895B /* TarReader.swift */; };
		5E1BC5912181A354EE6113F6 /* TarWriter.swift in Sources */ = {isa = PBXBuildFile; fileRef = BF8F6D071F91AD73673B9CC3 /* TarWriter.swift */; };
		5F14FA0F5C0B619746AB05DB /* ArchiveInfoView.swift in Sources */ = {isa = PBXBuildFile; fileRef = F45613E86FFD40EE92E8387D /* ArchiveInfoView.swift */; };
		605C13757A6412F055EA0F58 /* AttachmentScanner.swift in Sources */ = {isa = PBXBuildFile; fileRef = E6063CEC7335C6DD32D0EE5E /* AttachmentScanner.swift */; };
		606979FA9ABB35E9D69034C6 /* SourceDBSnapshotter.swift in Sources */ = {isa = PBXBuildFile; fileRef = DDA5E519566E5FE56AC31525 /* SourceDBSnapshotter.swift */; };
		62FB7350FC719A575B87F795 /* MessageBubbleView.swift in Sources */ = {isa = PBXBuildFile; fileRef = 54ED66CB76580292C8852271 /* MessageBubbleView.swift */; };
		645D1C7EFD819443E6671EF3 /* ArchiveManifest.swift in Sources */ = {isa = PBXBuildFile; fileRef = 3F30103889EF3C337C9E8BF4 /* ArchiveManifest.swift */; };
		6556E107D86EF425B9E9D4C7 /* Attachment.swift in Sources */ = {isa = PBXBuildFile; fileRef = 86A77DADCAE24BB8049D4CB3 /* Attachment.swift */; };
		6CD6544C9E3E7492A21AE4BA /* ChatRowView.swift in Sources */ = {isa = PBXBuildFile; fileRef = D9FF0D63C62871D4619B1ECB /* ChatRowView.swift */; };
		72A280A5A4B21AFBF3C6141D /* ReactionsView.swift in Sources */ = {isa = PBXBuildFile; fileRef = 91A2A1BB88D9A2B2044A1929 /* ReactionsView.swift */; };
		74082E0AD69A99A1C431E0F6 /* Assets.xcassets in Resources */ = {isa = PBXBuildFile; fileRef = 6339888AC50CF09276BDC2AB /* Assets.xcassets */; };
		752C5B4E20BC567363C60337 /* ArchiveReader.swift in Sources */ = {isa = PBXBuildFile; fileRef = 821DD273186D880474C000C2 /* ArchiveReader.swift */; };
		76947C3AFC132C0E21510144 /* AppState.swift in Sources */ = {isa = PBXBuildFile; fileRef = B6CCC8E8F50C965564FB672C /* AppState.swift */; };
		792CDE7192D4557ED9D3ECAA /* ErrorView.swift in Sources */ = {isa = PBXBuildFile; fileRef = EA5178B9E0F0DCA909252D77 /* ErrorView.swift */; };
		7C712BBD5E96E0FFC364A9E1 /* Assets.xcassets in Resources */ = {isa = PBXBuildFile; fileRef = 6339888AC50CF09276BDC2AB /* Assets.xcassets */; };
		81DC55BD18579CD2EBAAA730 /* ArchiveError.swift in Sources */ = {isa = PBXBuildFile; fileRef = 0CCB24E02F5F74457705FB27 /* ArchiveError.swift */; };
		831C1B3421AA5A85F517F58D /* ErrorView.swift in Sources */ = {isa = PBXBuildFile; fileRef = EA5178B9E0F0DCA909252D77 /* ErrorView.swift */; };
		83EC76525001B2C3D7D4A129 /* SourceDBReader.swift in Sources */ = {isa = PBXBuildFile; fileRef = BD2D46C17479F78A053C16EC /* SourceDBReader.swift */; };
		866ED643AAC2036D8EADE786 /* Thumbnailer.swift in Sources */ = {isa = PBXBuildFile; fileRef = E79A6136B490295EEE13264D /* Thumbnailer.swift */; };
		885E56615BA4FD488B234659 /* TarReaderTests.swift in Sources */ = {isa = PBXBuildFile; fileRef = 91874023B0C17B1B3CCA45DE /* TarReaderTests.swift */; };
		8AEEE5D502FEC225A3DD8287 /* iCloudCoordinator.swift in Sources */ = {isa = PBXBuildFile; fileRef = 2FC358B6FC2D4480D56C1989 /* iCloudCoordinator.swift */; };
		9384F09B01B464F4823AD347 /* RootView.swift in Sources */ = {isa = PBXBuildFile; fileRef = 8AF9A3B13CDE126C07084C05 /* RootView.swift */; };
		9602E766FAAC13746CA827DB /* Tokens.swift in Sources */ = {isa = PBXBuildFile; fileRef = 937207C2E2989D23D73E448A /* Tokens.swift */; };
		96BADF2DDE38BE5003C7581D /* Message.swift in Sources */ = {isa = PBXBuildFile; fileRef = CEEF1850DEA6E7197739F0F1 /* Message.swift */; };
		9870CA4AD3B20E92DFF3BFAF /* AttachmentCache.swift in Sources */ = {isa = PBXBuildFile; fileRef = AF9EAB7890EFD8877280BF21 /* AttachmentCache.swift */; };
		A20ADDEE8F3F90ED379C0FCA /* attachments.tar in Resources */ = {isa = PBXBuildFile; fileRef = 74CD05F36D6FC47BEC5F56E3 /* attachments.tar */; };
		A50A9B60BFAFD3D4A2878D1B /* ThreadView.swift in Sources */ = {isa = PBXBuildFile; fileRef = 126B174C6BBC77EABB3C9C5B /* ThreadView.swift */; };
		A6489782FECCB8274AD040C4 /* ArchiveLock.swift in Sources */ = {isa = PBXBuildFile; fileRef = 4585DDBBEA9482B4F1E52037 /* ArchiveLock.swift */; };
		AC87F1BE9B7F3DC4A154FB46 /* AttributedBodyDecoder.swift in Sources */ = {isa = PBXBuildFile; fileRef = B977BD23A26E0B7E3BAD164B /* AttributedBodyDecoder.swift */; };
		AE8F11BC8115D6A6E6EA988E /* AppState.swift in Sources */ = {isa = PBXBuildFile; fileRef = B6CCC8E8F50C965564FB672C /* AppState.swift */; };
		AF9812822207241150F1C5C9 /* GRDB in Frameworks */ = {isa = PBXBuildFile; productRef = EB4D02CC37A2172500E72CFE /* GRDB */; };
		B7C4FD58D752BF05A70576DC /* TarReader.swift in Sources */ = {isa = PBXBuildFile; fileRef = 5327F4A7DB0B4FA7BC80895B /* TarReader.swift */; };
		B89FBE208A5114FE1D65903E /* SearchHit.swift in Sources */ = {isa = PBXBuildFile; fileRef = 64C85E9D97904A9E574010CC /* SearchHit.swift */; };
		BA365D5FF3E81447FBF8CE7E /* ChatRowView.swift in Sources */ = {isa = PBXBuildFile; fileRef = D9FF0D63C62871D4619B1ECB /* ChatRowView.swift */; };
		BB2263015B56CD72C1575A80 /* PlatformImage.swift in Sources */ = {isa = PBXBuildFile; fileRef = 4A35F3581B65823A6AD49BE4 /* PlatformImage.swift */; };
		BC7C8CE44ABE4B31C2A2AA35 /* Message.swift in Sources */ = {isa = PBXBuildFile; fileRef = CEEF1850DEA6E7197739F0F1 /* Message.swift */; };
		C112DC8000CD7B9F84230175 /* ArchiveLock.swift in Sources */ = {isa = PBXBuildFile; fileRef = 4585DDBBEA9482B4F1E52037 /* ArchiveLock.swift */; };
		C14D36C255EDA7CE2D57A102 /* ReactionsView.swift in Sources */ = {isa = PBXBuildFile; fileRef = 91A2A1BB88D9A2B2044A1929 /* ReactionsView.swift */; };
		CB8D54E35335BD94E163BBA7 /* ArchiveMerger.swift in Sources */ = {isa = PBXBuildFile; fileRef = DA4671470A6564DEFCEDC477 /* ArchiveMerger.swift */; };
		CBE6910047BDFEC1E77C45B7 /* NoArchiveView.swift in Sources */ = {isa = PBXBuildFile; fileRef = F092DBBC94A4D46895F3BEFB /* NoArchiveView.swift */; };
		CD52DEBFA6615E79E436FF21 /* ArchiveMerger.swift in Sources */ = {isa = PBXBuildFile; fileRef = DA4671470A6564DEFCEDC477 /* ArchiveMerger.swift */; };
		D44634E991BA7CA64F7389CD /* ArchiveReaderTests.swift in Sources */ = {isa = PBXBuildFile; fileRef = BF7DF5B0142455FBF239D21B /* ArchiveReaderTests.swift */; };
		D4C41BE680BB17DC9F0892B3 /* ArchiveError.swift in Sources */ = {isa = PBXBuildFile; fileRef = 0CCB24E02F5F74457705FB27 /* ArchiveError.swift */; };
		D90279873059321314FE7B80 /* CreateArchiveView.swift in Sources */ = {isa = PBXBuildFile; fileRef = D9C78B4B32DB1472C4C6D689 /* CreateArchiveView.swift */; };
		D90C71E36B1A1A0135133490 /* SmartArchiveStyle.swift in Sources */ = {isa = PBXBuildFile; fileRef = 59595894EC167BDBD1D4D32F /* SmartArchiveStyle.swift */; };
		DA00B377EEB0FA0D04025CC7 /* MessageBubbleView.swift in Sources */ = {isa = PBXBuildFile; fileRef = 54ED66CB76580292C8852271 /* MessageBubbleView.swift */; };
		DCE414A033364C483E7178A1 /* ContactsResolver.swift in Sources */ = {isa = PBXBuildFile; fileRef = B638E467B388F7D6EDD8E3A5 /* ContactsResolver.swift */; };
		DFFD013786D3F7D8C40C33C4 /* ChatListView.swift in Sources */ = {isa = PBXBuildFile; fileRef = 75F6817AC430A04F3F777679 /* ChatListView.swift */; };
		E23B39AF941AEB3A437D0E70 /* Epoch.swift in Sources */ = {isa = PBXBuildFile; fileRef = 7BCF67628480AD5A509B2FBC /* Epoch.swift */; };
		E8D2B1F5803C1114EEAC6E45 /* ArchiveVerifier.swift in Sources */ = {isa = PBXBuildFile; fileRef = 810DEEC4760AD2060165305F /* ArchiveVerifier.swift */; };
		E99B0EF70D1F3BE65F8767AB /* Epoch.swift in Sources */ = {isa = PBXBuildFile; fileRef = 7BCF67628480AD5A509B2FBC /* Epoch.swift */; };
		EA5E76539767ED8FC072523D /* AttachmentCache.swift in Sources */ = {isa = PBXBuildFile; fileRef = AF9EAB7890EFD8877280BF21 /* AttachmentCache.swift */; };
		EE63BB596DDE1A45C939A634 /* SourceDBSnapshotter.swift in Sources */ = {isa = PBXBuildFile; fileRef = DDA5E519566E5FE56AC31525 /* SourceDBSnapshotter.swift */; };
		F04C48639ABE06143933C4ED /* CreateArchiveView.swift in Sources */ = {isa = PBXBuildFile; fileRef = D9C78B4B32DB1472C4C6D689 /* CreateArchiveView.swift */; };
		F2747F6856BAAF0343DAD42D /* PlatformNavigation.swift in Sources */ = {isa = PBXBuildFile; fileRef = F1CD3269F8BBA9911F57E3B1 /* PlatformNavigation.swift */; };
		F42A98D88875CC3B576D4A17 /* Attachment.swift in Sources */ = {isa = PBXBuildFile; fileRef = 86A77DADCAE24BB8049D4CB3 /* Attachment.swift */; };
		F4D44C5E5DCE4F263D3FA1DE /* TarWriter.swift in Sources */ = {isa = PBXBuildFile; fileRef = BF8F6D071F91AD73673B9CC3 /* TarWriter.swift */; };
		F6289C38CCA8DD676BEDCD9B /* iCloudCoordinator.swift in Sources */ = {isa = PBXBuildFile; fileRef = 2FC358B6FC2D4480D56C1989 /* iCloudCoordinator.swift */; };
		F905AAED12714FF4E5B9D183 /* SearchHit.swift in Sources */ = {isa = PBXBuildFile; fileRef = 64C85E9D97904A9E574010CC /* SearchHit.swift */; };
		FB35838983D00410855A9D2B /* ThreadView.swift in Sources */ = {isa = PBXBuildFile; fileRef = 126B174C6BBC77EABB3C9C5B /* ThreadView.swift */; };
		FBA63BF314DD4195BC7FF764 /* Monogram.swift in Sources */ = {isa = PBXBuildFile; fileRef = 6E8E31A7E21A457107F59541 /* Monogram.swift */; };
		FE956C7FA22A752A3EDD7C26 /* archive.sqlite in Resources */ = {isa = PBXBuildFile; fileRef = 3FA2067EA4564ED05E892A99 /* archive.sqlite */; };
/* End PBXBuildFile section */

/* Begin PBXContainerItemProxy section */
		21C3A7ACF8D2E4192AD842D7 /* PBXContainerItemProxy */ = {
			isa = PBXContainerItemProxy;
			containerPortal = 3937EAD14CCBCEADAE44A14A /* Project object */;
			proxyType = 1;
			remoteGlobalIDString = 0669B9307CEA9DAFBF72DF13;
			remoteInfo = iMessageArchiver;
		};
/* End PBXContainerItemProxy section */

/* Begin PBXFileReference section */
		05A93A74873F3C91904DA4C3 /* ArchiveWriter.swift */ = {isa = PBXFileReference; lastKnownFileType = sourcecode.swift; path = ArchiveWriter.swift; sourceTree = "<group>"; };
		0CCB24E02F5F74457705FB27 /* ArchiveError.swift */ = {isa = PBXFileReference; lastKnownFileType = sourcecode.swift; path = ArchiveError.swift; sourceTree = "<group>"; };
		126B174C6BBC77EABB3C9C5B /* ThreadView.swift */ = {isa = PBXFileReference; lastKnownFileType = sourcecode.swift; path = ThreadView.swift; sourceTree = "<group>"; };
		2FC358B6FC2D4480D56C1989 /* iCloudCoordinator.swift */ = {isa = PBXFileReference; lastKnownFileType = sourcecode.swift; path = iCloudCoordinator.swift; sourceTree = "<group>"; };
		3F30103889EF3C337C9E8BF4 /* ArchiveManifest.swift */ = {isa = PBXFileReference; lastKnownFileType = sourcecode.swift; path = ArchiveManifest.swift; sourceTree = "<group>"; };
		3FA2067EA4564ED05E892A99 /* archive.sqlite */ = {isa = PBXFileReference; lastKnownFileType = file; path = archive.sqlite; sourceTree = "<group>"; };
		43E6943BEC5B5010B2F175A7 /* AttachmentGridView.swift */ = {isa = PBXFileReference; lastKnownFileType = sourcecode.swift; path = AttachmentGridView.swift; sourceTree = "<group>"; };
		4585DDBBEA9482B4F1E52037 /* ArchiveLock.swift */ = {isa = PBXFileReference; lastKnownFileType = sourcecode.swift; path = ArchiveLock.swift; sourceTree = "<group>"; };
		4A35F3581B65823A6AD49BE4 /* PlatformImage.swift */ = {isa = PBXFileReference; lastKnownFileType = sourcecode.swift; path = PlatformImage.swift; sourceTree = "<group>"; };
		4E0B692BC5F2567C6326B828 /* Chat.swift */ = {isa = PBXFileReference; lastKnownFileType = sourcecode.swift; path = Chat.swift; sourceTree = "<group>"; };
		51725FA2022930096F27A42D /* SearchView.swift */ = {isa = PBXFileReference; lastKnownFileType = sourcecode.swift; path = SearchView.swift; sourceTree = "<group>"; };
		5327F4A7DB0B4FA7BC80895B /* TarReader.swift */ = {isa = PBXFileReference; lastKnownFileType = sourcecode.swift; path = TarReader.swift; sourceTree = "<group>"; };
		54ED66CB76580292C8852271 /* MessageBubbleView.swift */ = {isa = PBXFileReference; lastKnownFileType = sourcecode.swift; path = MessageBubbleView.swift; sourceTree = "<group>"; };
		59595894EC167BDBD1D4D32F /* SmartArchiveStyle.swift */ = {isa = PBXFileReference; lastKnownFileType = sourcecode.swift; path = SmartArchiveStyle.swift; sourceTree = "<group>"; };
		6339888AC50CF09276BDC2AB /* Assets.xcassets */ = {isa = PBXFileReference; lastKnownFileType = folder.assetcatalog; path = Assets.xcassets; sourceTree = "<group>"; };
		64C85E9D97904A9E574010CC /* SearchHit.swift */ = {isa = PBXFileReference; lastKnownFileType = sourcecode.swift; path = SearchHit.swift; sourceTree = "<group>"; };
		6DA3E393326E18DB1A0BA99D /* iMessageArchiverApp.swift */ = {isa = PBXFileReference; lastKnownFileType = sourcecode.swift; path = iMessageArchiverApp.swift; sourceTree = "<group>"; };
		6E8E31A7E21A457107F59541 /* Monogram.swift */ = {isa = PBXFileReference; lastKnownFileType = sourcecode.swift; path = Monogram.swift; sourceTree = "<group>"; };
		74CD05F36D6FC47BEC5F56E3 /* attachments.tar */ = {isa = PBXFileReference; lastKnownFileType = archive.tar; path = attachments.tar; sourceTree = "<group>"; };
		75F6817AC430A04F3F777679 /* ChatListView.swift */ = {isa = PBXFileReference; lastKnownFileType = sourcecode.swift; path = ChatListView.swift; sourceTree = "<group>"; };
		7B250064158475CE1BF99180 /* iMessageArchiver.app */ = {isa = PBXFileReference; includeInIndex = 0; lastKnownFileType = wrapper.application; path = iMessageArchiver.app; sourceTree = BUILT_PRODUCTS_DIR; };
		7BCF67628480AD5A509B2FBC /* Epoch.swift */ = {isa = PBXFileReference; lastKnownFileType = sourcecode.swift; path = Epoch.swift; sourceTree = "<group>"; };
		7E12516BD19964BC078F6966 /* manifest.json */ = {isa = PBXFileReference; lastKnownFileType = text.json; path = manifest.json; sourceTree = "<group>"; };
		810DEEC4760AD2060165305F /* ArchiveVerifier.swift */ = {isa = PBXFileReference; lastKnownFileType = sourcecode.swift; path = ArchiveVerifier.swift; sourceTree = "<group>"; };
		821DD273186D880474C000C2 /* ArchiveReader.swift */ = {isa = PBXFileReference; lastKnownFileType = sourcecode.swift; path = ArchiveReader.swift; sourceTree = "<group>"; };
		86A77DADCAE24BB8049D4CB3 /* Attachment.swift */ = {isa = PBXFileReference; lastKnownFileType = sourcecode.swift; path = Attachment.swift; sourceTree = "<group>"; };
		8AF9A3B13CDE126C07084C05 /* RootView.swift */ = {isa = PBXFileReference; lastKnownFileType = sourcecode.swift; path = RootView.swift; sourceTree = "<group>"; };
		90173C921BCBF27A4C06FE51 /* iMessageArchiverMac.app */ = {isa = PBXFileReference; explicitFileType = wrapper.application; includeInIndex = 0; path = iMessageArchiverMac.app; sourceTree = BUILT_PRODUCTS_DIR; };
		91874023B0C17B1B3CCA45DE /* TarReaderTests.swift */ = {isa = PBXFileReference; lastKnownFileType = sourcecode.swift; path = TarReaderTests.swift; sourceTree = "<group>"; };
		91A2A1BB88D9A2B2044A1929 /* ReactionsView.swift */ = {isa = PBXFileReference; lastKnownFileType = sourcecode.swift; path = ReactionsView.swift; sourceTree = "<group>"; };
		937207C2E2989D23D73E448A /* Tokens.swift */ = {isa = PBXFileReference; lastKnownFileType = sourcecode.swift; path = Tokens.swift; sourceTree = "<group>"; };
		9509D46A3AAD2D95E947E757 /* iMessageArchiverMacApp.swift */ = {isa = PBXFileReference; lastKnownFileType = sourcecode.swift; path = iMessageArchiverMacApp.swift; sourceTree = "<group>"; };
		A67D98C9EBDB22C1D578A26E /* iMessageArchiverTests.xctest */ = {isa = PBXFileReference; includeInIndex = 0; lastKnownFileType = wrapper.cfbundle; path = iMessageArchiverTests.xctest; sourceTree = BUILT_PRODUCTS_DIR; };
		AF9EAB7890EFD8877280BF21 /* AttachmentCache.swift */ = {isa = PBXFileReference; lastKnownFileType = sourcecode.swift; path = AttachmentCache.swift; sourceTree = "<group>"; };
		B638E467B388F7D6EDD8E3A5 /* ContactsResolver.swift */ = {isa = PBXFileReference; lastKnownFileType = sourcecode.swift; path = ContactsResolver.swift; sourceTree = "<group>"; };
		B6CCC8E8F50C965564FB672C /* AppState.swift */ = {isa = PBXFileReference; lastKnownFileType = sourcecode.swift; path = AppState.swift; sourceTree = "<group>"; };
		B977BD23A26E0B7E3BAD164B /* AttributedBodyDecoder.swift */ = {isa = PBXFileReference; lastKnownFileType = sourcecode.swift; path = AttributedBodyDecoder.swift; sourceTree = "<group>"; };
		BD2D46C17479F78A053C16EC /* SourceDBReader.swift */ = {isa = PBXFileReference; lastKnownFileType = sourcecode.swift; path = SourceDBReader.swift; sourceTree = "<group>"; };
		BF7DF5B0142455FBF239D21B /* ArchiveReaderTests.swift */ = {isa = PBXFileReference; lastKnownFileType = sourcecode.swift; path = ArchiveReaderTests.swift; sourceTree = "<group>"; };
		BF8F6D071F91AD73673B9CC3 /* TarWriter.swift */ = {isa = PBXFileReference; lastKnownFileType = sourcecode.swift; path = TarWriter.swift; sourceTree = "<group>"; };
		CEEF1850DEA6E7197739F0F1 /* Message.swift */ = {isa = PBXFileReference; lastKnownFileType = sourcecode.swift; path = Message.swift; sourceTree = "<group>"; };
		D148226BF17196C2D46C01F5 /* CreateArchiveCoordinator.swift */ = {isa = PBXFileReference; lastKnownFileType = sourcecode.swift; path = CreateArchiveCoordinator.swift; sourceTree = "<group>"; };
		D9C78B4B32DB1472C4C6D689 /* CreateArchiveView.swift */ = {isa = PBXFileReference; lastKnownFileType = sourcecode.swift; path = CreateArchiveView.swift; sourceTree = "<group>"; };
		D9FF0D63C62871D4619B1ECB /* ChatRowView.swift */ = {isa = PBXFileReference; lastKnownFileType = sourcecode.swift; path = ChatRowView.swift; sourceTree = "<group>"; };
		DA4671470A6564DEFCEDC477 /* ArchiveMerger.swift */ = {isa = PBXFileReference; lastKnownFileType = sourcecode.swift; path = ArchiveMerger.swift; sourceTree = "<group>"; };
		DDA5E519566E5FE56AC31525 /* SourceDBSnapshotter.swift */ = {isa = PBXFileReference; lastKnownFileType = sourcecode.swift; path = SourceDBSnapshotter.swift; sourceTree = "<group>"; };
		E6063CEC7335C6DD32D0EE5E /* AttachmentScanner.swift */ = {isa = PBXFileReference; lastKnownFileType = sourcecode.swift; path = AttachmentScanner.swift; sourceTree = "<group>"; };
		E79A6136B490295EEE13264D /* Thumbnailer.swift */ = {isa = PBXFileReference; lastKnownFileType = sourcecode.swift; path = Thumbnailer.swift; sourceTree = "<group>"; };
		EA5178B9E0F0DCA909252D77 /* ErrorView.swift */ = {isa = PBXFileReference; lastKnownFileType = sourcecode.swift; path = ErrorView.swift; sourceTree = "<group>"; };
		F092DBBC94A4D46895F3BEFB /* NoArchiveView.swift */ = {isa = PBXFileReference; lastKnownFileType = sourcecode.swift; path = NoArchiveView.swift; sourceTree = "<group>"; };
		F1CD3269F8BBA9911F57E3B1 /* PlatformNavigation.swift */ = {isa = PBXFileReference; lastKnownFileType = sourcecode.swift; path = PlatformNavigation.swift; sourceTree = "<group>"; };
		F45613E86FFD40EE92E8387D /* ArchiveInfoView.swift */ = {isa = PBXFileReference; lastKnownFileType = sourcecode.swift; path = ArchiveInfoView.swift; sourceTree = "<group>"; };
/* End PBXFileReference section */

/* Begin PBXFrameworksBuildPhase section */
		407505FF3FE4CD709A76717A /* Frameworks */ = {
			isa = PBXFrameworksBuildPhase;
			buildActionMask = 2147483647;
			files = (
				AF9812822207241150F1C5C9 /* GRDB in Frameworks */,
			);
			runOnlyForDeploymentPostprocessing = 0;
		};
		5EBBF53C46CC9B1396FEBF96 /* Frameworks */ = {
			isa = PBXFrameworksBuildPhase;
			buildActionMask = 2147483647;
			files = (
				57FB995079D8E45E2055E0DC /* GRDB in Frameworks */,
			);
			runOnlyForDeploymentPostprocessing = 0;
		};
		A22E9DB9B51C1C41AC703E2D /* Frameworks */ = {
			isa = PBXFrameworksBuildPhase;
			buildActionMask = 2147483647;
			files = (
				4C9B5CEF5245756E2354A089 /* GRDB in Frameworks */,
			);
			runOnlyForDeploymentPostprocessing = 0;
		};
/* End PBXFrameworksBuildPhase section */

/* Begin PBXGroup section */
		0D5057BCA30AE8BEF3533E2B /* Fixtures */ = {
			isa = PBXGroup;
			children = (
				AC2F0C5483B0E44091EAD6E7 /* tiny.imarchive */,
			);
			path = Fixtures;
			sourceTree = "<group>";
		};
		1928F2765BFC814EF85964EB /* Views */ = {
			isa = PBXGroup;
			children = (
				F45613E86FFD40EE92E8387D /* ArchiveInfoView.swift */,
				43E6943BEC5B5010B2F175A7 /* AttachmentGridView.swift */,
				75F6817AC430A04F3F777679 /* ChatListView.swift */,
				D9FF0D63C62871D4619B1ECB /* ChatRowView.swift */,
				D9C78B4B32DB1472C4C6D689 /* CreateArchiveView.swift */,
				EA5178B9E0F0DCA909252D77 /* ErrorView.swift */,
				54ED66CB76580292C8852271 /* MessageBubbleView.swift */,
				F092DBBC94A4D46895F3BEFB /* NoArchiveView.swift */,
				91A2A1BB88D9A2B2044A1929 /* ReactionsView.swift */,
				8AF9A3B13CDE126C07084C05 /* RootView.swift */,
				51725FA2022930096F27A42D /* SearchView.swift */,
				126B174C6BBC77EABB3C9C5B /* ThreadView.swift */,
			);
			path = Views;
			sourceTree = "<group>";
		};
		227F335FB281C5A400765A6F /* Sources */ = {
			isa = PBXGroup;
			children = (
				89EC8D3192783296DDB092A1 /* App */,
				88FB0DC4378472A1E382617A /* Archiver */,
				7A95B9B839CE149605F5DB79 /* DesignSystem */,
				6689E08A2C562CBE1F3F222D /* Models */,
				5154D4439B51DF67015067F5 /* Persistence */,
				7D8ED1CE082B440D175404F3 /* Platform */,
				1928F2765BFC814EF85964EB /* Views */,
			);
			path = Sources;
			sourceTree = "<group>";
		};
		47D25FC7D7E099F6D4AD1321 /* Tests */ = {
			isa = PBXGroup;
			children = (
				BF7DF5B0142455FBF239D21B /* ArchiveReaderTests.swift */,
				91874023B0C17B1B3CCA45DE /* TarReaderTests.swift */,
				0D5057BCA30AE8BEF3533E2B /* Fixtures */,
			);
			path = Tests;
			sourceTree = "<group>";
		};
		5154D4439B51DF67015067F5 /* Persistence */ = {
			isa = PBXGroup;
			children = (
				821DD273186D880474C000C2 /* ArchiveReader.swift */,
				AF9EAB7890EFD8877280BF21 /* AttachmentCache.swift */,
				2FC358B6FC2D4480D56C1989 /* iCloudCoordinator.swift */,
				5327F4A7DB0B4FA7BC80895B /* TarReader.swift */,
				E79A6136B490295EEE13264D /* Thumbnailer.swift */,
			);
			path = Persistence;
			sourceTree = "<group>";
		};
		6689E08A2C562CBE1F3F222D /* Models */ = {
			isa = PBXGroup;
			children = (
				0CCB24E02F5F74457705FB27 /* ArchiveError.swift */,
				3F30103889EF3C337C9E8BF4 /* ArchiveManifest.swift */,
				86A77DADCAE24BB8049D4CB3 /* Attachment.swift */,
				4E0B692BC5F2567C6326B828 /* Chat.swift */,
				CEEF1850DEA6E7197739F0F1 /* Message.swift */,
				64C85E9D97904A9E574010CC /* SearchHit.swift */,
			);
			path = Models;
			sourceTree = "<group>";
		};
		7A95B9B839CE149605F5DB79 /* DesignSystem */ = {
			isa = PBXGroup;
			children = (
				6E8E31A7E21A457107F59541 /* Monogram.swift */,
				59595894EC167BDBD1D4D32F /* SmartArchiveStyle.swift */,
				937207C2E2989D23D73E448A /* Tokens.swift */,
			);
			path = DesignSystem;
			sourceTree = "<group>";
		};
		7D8ED1CE082B440D175404F3 /* Platform */ = {
			isa = PBXGroup;
			children = (
				4A35F3581B65823A6AD49BE4 /* PlatformImage.swift */,
				F1CD3269F8BBA9911F57E3B1 /* PlatformNavigation.swift */,
			);
			path = Platform;
			sourceTree = "<group>";
		};
		88FB0DC4378472A1E382617A /* Archiver */ = {
			isa = PBXGroup;
			children = (
				4585DDBBEA9482B4F1E52037 /* ArchiveLock.swift */,
				DA4671470A6564DEFCEDC477 /* ArchiveMerger.swift */,
				810DEEC4760AD2060165305F /* ArchiveVerifier.swift */,
				05A93A74873F3C91904DA4C3 /* ArchiveWriter.swift */,
				E6063CEC7335C6DD32D0EE5E /* AttachmentScanner.swift */,
				B977BD23A26E0B7E3BAD164B /* AttributedBodyDecoder.swift */,
				B638E467B388F7D6EDD8E3A5 /* ContactsResolver.swift */,
				D148226BF17196C2D46C01F5 /* CreateArchiveCoordinator.swift */,
				7BCF67628480AD5A509B2FBC /* Epoch.swift */,
				BD2D46C17479F78A053C16EC /* SourceDBReader.swift */,
				DDA5E519566E5FE56AC31525 /* SourceDBSnapshotter.swift */,
				BF8F6D071F91AD73673B9CC3 /* TarWriter.swift */,
			);
			path = Archiver;
			sourceTree = "<group>";
		};
		89EC8D3192783296DDB092A1 /* App */ = {
			isa = PBXGroup;
			children = (
				B6CCC8E8F50C965564FB672C /* AppState.swift */,
				6DA3E393326E18DB1A0BA99D /* iMessageArchiverApp.swift */,
				9509D46A3AAD2D95E947E757 /* iMessageArchiverMacApp.swift */,
			);
			path = App;
			sourceTree = "<group>";
		};
		AC2F0C5483B0E44091EAD6E7 /* tiny.imarchive */ = {
			isa = PBXGroup;
			children = (
				3FA2067EA4564ED05E892A99 /* archive.sqlite */,
				74CD05F36D6FC47BEC5F56E3 /* attachments.tar */,
				7E12516BD19964BC078F6966 /* manifest.json */,
			);
			path = tiny.imarchive;
			sourceTree = "<group>";
		};
		DD5A187EB24D58CEAB3E488D /* Products */ = {
			isa = PBXGroup;
			children = (
				7B250064158475CE1BF99180 /* iMessageArchiver.app */,
				90173C921BCBF27A4C06FE51 /* iMessageArchiverMac.app */,
				A67D98C9EBDB22C1D578A26E /* iMessageArchiverTests.xctest */,
			);
			name = Products;
			sourceTree = "<group>";
		};
		E6692B8C0201F7F1EDE46BBB /* Resources */ = {
			isa = PBXGroup;
			children = (
				6339888AC50CF09276BDC2AB /* Assets.xcassets */,
			);
			path = Resources;
			sourceTree = "<group>";
		};
		F46B2085BF79DC02817EDE93 = {
			isa = PBXGroup;
			children = (
				E6692B8C0201F7F1EDE46BBB /* Resources */,
				227F335FB281C5A400765A6F /* Sources */,
				47D25FC7D7E099F6D4AD1321 /* Tests */,
				DD5A187EB24D58CEAB3E488D /* Products */,
			);
			sourceTree = "<group>";
		};
/* End PBXGroup section */

/* Begin PBXNativeTarget section */
		0669B9307CEA9DAFBF72DF13 /* iMessageArchiver */ = {
			isa = PBXNativeTarget;
			buildConfigurationList = 4A1234C46920A5C25649D880 /* Build configuration list for PBXNativeTarget "iMessageArchiver" */;
			buildPhases = (
				B48D0A411BA4BE804893294C /* Sources */,
				295D6F21B6B81680A3626629 /* Resources */,
				407505FF3FE4CD709A76717A /* Frameworks */,
			);
			buildRules = (
			);
			dependencies = (
			);
			name = iMessageArchiver;
			packageProductDependencies = (
				EB4D02CC37A2172500E72CFE /* GRDB */,
			);
			productName = iMessageArchiver;
			productReference = 7B250064158475CE1BF99180 /* iMessageArchiver.app */;
			productType = "com.apple.product-type.application";
		};
		26B5996CE55736F23C0C4E8C /* iMessageArchiverTests */ = {
			isa = PBXNativeTarget;
			buildConfigurationList = B7DE6B8D95B18A486003D1F8 /* Build configuration list for PBXNativeTarget "iMessageArchiverTests" */;
			buildPhases = (
				2C60502405C725F32F653AEE /* Sources */,
				FA3CBDD6F4BD0C99AEF4EFC5 /* Resources */,
				5EBBF53C46CC9B1396FEBF96 /* Frameworks */,
			);
			buildRules = (
			);
			dependencies = (
				2A8049F6A479D33DE4343668 /* PBXTargetDependency */,
			);
			name = iMessageArchiverTests;
			packageProductDependencies = (
				36AD865687D5E22802D18618 /* GRDB */,
			);
			productName = iMessageArchiverTests;
			productReference = A67D98C9EBDB22C1D578A26E /* iMessageArchiverTests.xctest */;
			productType = "com.apple.product-type.bundle.unit-test";
		};
		41897569E6B093645408BD1D /* iMessageArchiverMac */ = {
			isa = PBXNativeTarget;
			buildConfigurationList = 8F4E7E21F14FE2CF2C0379A0 /* Build configuration list for PBXNativeTarget "iMessageArchiverMac" */;
			buildPhases = (
				A4561FAD4372F9B84EFF90F1 /* Sources */,
				89D88C1A06BE4491F9F16A07 /* Resources */,
				A22E9DB9B51C1C41AC703E2D /* Frameworks */,
			);
			buildRules = (
			);
			dependencies = (
			);
			name = iMessageArchiverMac;
			packageProductDependencies = (
				7994F1349E28B6C043A049EE /* GRDB */,
			);
			productName = iMessageArchiverMac;
			productReference = 90173C921BCBF27A4C06FE51 /* iMessageArchiverMac.app */;
			productType = "com.apple.product-type.application";
		};
/* End PBXNativeTarget section */

/* Begin PBXProject section */
		3937EAD14CCBCEADAE44A14A /* Project object */ = {
			isa = PBXProject;
			attributes = {
				BuildIndependentTargetsInParallel = YES;
				LastUpgradeCheck = 2600;
				TargetAttributes = {
					0669B9307CEA9DAFBF72DF13 = {
						DevelopmentTeam = 7V698GFQCM;
						ProvisioningStyle = Automatic;
					};
					26B5996CE55736F23C0C4E8C = {
						DevelopmentTeam = 7V698GFQCM;
						ProvisioningStyle = Automatic;
					};
					41897569E6B093645408BD1D = {
						DevelopmentTeam = 7V698GFQCM;
						ProvisioningStyle = Automatic;
					};
				};
			};
			buildConfigurationList = 234FD80CDC7D96F65F85678D /* Build configuration list for PBXProject "iMessageArchiver" */;
			developmentRegion = en;
			hasScannedForEncodings = 0;
			knownRegions = (
				Base,
				en,
			);
			mainGroup = F46B2085BF79DC02817EDE93;
			minimizedProjectReferenceProxies = 1;
			packageReferences = (
				5F23FFCA03BF402398D19874 /* XCRemoteSwiftPackageReference "GRDB.swift" */,
			);
			preferredProjectObjectVersion = 77;
			productRefGroup = DD5A187EB24D58CEAB3E488D /* Products */;
			projectDirPath = "";
			projectRoot = "";
			targets = (
				0669B9307CEA9DAFBF72DF13 /* iMessageArchiver */,
				41897569E6B093645408BD1D /* iMessageArchiverMac */,
				26B5996CE55736F23C0C4E8C /* iMessageArchiverTests */,
			);
		};
/* End PBXProject section */

/* Begin PBXResourcesBuildPhase section */
		295D6F21B6B81680A3626629 /* Resources */ = {
			isa = PBXResourcesBuildPhase;
			buildActionMask = 2147483647;
			files = (
				7C712BBD5E96E0FFC364A9E1 /* Assets.xcassets in Resources */,
			);
			runOnlyForDeploymentPostprocessing = 0;
		};
		89D88C1A06BE4491F9F16A07 /* Resources */ = {
			isa = PBXResourcesBuildPhase;
			buildActionMask = 2147483647;
			files = (
				74082E0AD69A99A1C431E0F6 /* Assets.xcassets in Resources */,
			);
			runOnlyForDeploymentPostprocessing = 0;
		};
		FA3CBDD6F4BD0C99AEF4EFC5 /* Resources */ = {
			isa = PBXResourcesBuildPhase;
			buildActionMask = 2147483647;
			files = (
				FE956C7FA22A752A3EDD7C26 /* archive.sqlite in Resources */,
				A20ADDEE8F3F90ED379C0FCA /* attachments.tar in Resources */,
				2126BFB5B99BCF1E574C434E /* manifest.json in Resources */,
			);
			runOnlyForDeploymentPostprocessing = 0;
		};
/* End PBXResourcesBuildPhase section */

/* Begin PBXSourcesBuildPhase section */
		2C60502405C725F32F653AEE /* Sources */ = {
			isa = PBXSourcesBuildPhase;
			buildActionMask = 2147483647;
			files = (
				D44634E991BA7CA64F7389CD /* ArchiveReaderTests.swift in Sources */,
				885E56615BA4FD488B234659 /* TarReaderTests.swift in Sources */,
			);
			runOnlyForDeploymentPostprocessing = 0;
		};
		A4561FAD4372F9B84EFF90F1 /* Sources */ = {
			isa = PBXSourcesBuildPhase;
			buildActionMask = 2147483647;
			files = (
				AE8F11BC8115D6A6E6EA988E /* AppState.swift in Sources */,
				D4C41BE680BB17DC9F0892B3 /* ArchiveError.swift in Sources */,
				5F14FA0F5C0B619746AB05DB /* ArchiveInfoView.swift in Sources */,
				C112DC8000CD7B9F84230175 /* ArchiveLock.swift in Sources */,
				05C079775EC453CAEB71C236 /* ArchiveManifest.swift in Sources */,
				CB8D54E35335BD94E163BBA7 /* ArchiveMerger.swift in Sources */,
				19A0A863815AB9F455CA19F5 /* ArchiveReader.swift in Sources */,
				E8D2B1F5803C1114EEAC6E45 /* ArchiveVerifier.swift in Sources */,
				381667EA335DB75C177427B7 /* ArchiveWriter.swift in Sources */,
				F42A98D88875CC3B576D4A17 /* Attachment.swift in Sources */,
				9870CA4AD3B20E92DFF3BFAF /* AttachmentCache.swift in Sources */,
				4D905EDC5694017C449C94C9 /* AttachmentGridView.swift in Sources */,
				0F0BB23287513267070935D0 /* AttachmentScanner.swift in Sources */,
				3778D0B8D3FC135D4157ED73 /* AttributedBodyDecoder.swift in Sources */,
				18B826F3B45ECCC7E3E02D1C /* Chat.swift in Sources */,
				DFFD013786D3F7D8C40C33C4 /* ChatListView.swift in Sources */,
				6CD6544C9E3E7492A21AE4BA /* ChatRowView.swift in Sources */,
				5A0902F226D4125F6A1A40B4 /* ContactsResolver.swift in Sources */,
				277583E1113AA1C8D655E37C /* CreateArchiveCoordinator.swift in Sources */,
				D90279873059321314FE7B80 /* CreateArchiveView.swift in Sources */,
				E99B0EF70D1F3BE65F8767AB /* Epoch.swift in Sources */,
				831C1B3421AA5A85F517F58D /* ErrorView.swift in Sources */,
				96BADF2DDE38BE5003C7581D /* Message.swift in Sources */,
				DA00B377EEB0FA0D04025CC7 /* MessageBubbleView.swift in Sources */,
				FBA63BF314DD4195BC7FF764 /* Monogram.swift in Sources */,
				CBE6910047BDFEC1E77C45B7 /* NoArchiveView.swift in Sources */,
				BB2263015B56CD72C1575A80 /* PlatformImage.swift in Sources */,
				100FCD65EE824C769E2965F4 /* PlatformNavigation.swift in Sources */,
				72A280A5A4B21AFBF3C6141D /* ReactionsView.swift in Sources */,
				9384F09B01B464F4823AD347 /* RootView.swift in Sources */,
				B89FBE208A5114FE1D65903E /* SearchHit.swift in Sources */,
				5AD40665C18294A14A1DD849 /* SearchView.swift in Sources */,
				D90C71E36B1A1A0135133490 /* SmartArchiveStyle.swift in Sources */,
				003374EF5ABD4E0760DE271C /* SourceDBReader.swift in Sources */,
				EE63BB596DDE1A45C939A634 /* SourceDBSnapshotter.swift in Sources */,
				B7C4FD58D752BF05A70576DC /* TarReader.swift in Sources */,
				F4D44C5E5DCE4F263D3FA1DE /* TarWriter.swift in Sources */,
				FB35838983D00410855A9D2B /* ThreadView.swift in Sources */,
				04393C9A0C29DE00766D0361 /* Thumbnailer.swift in Sources */,
				2FCFF2FEBCFAC98387CCF0BE /* Tokens.swift in Sources */,
				F6289C38CCA8DD676BEDCD9B /* iCloudCoordinator.swift in Sources */,
				223C87C4A0CAC119C9B0FA10 /* iMessageArchiverMacApp.swift in Sources */,
			);
			runOnlyForDeploymentPostprocessing = 0;
		};
		B48D0A411BA4BE804893294C /* Sources */ = {
			isa = PBXSourcesBuildPhase;
			buildActionMask = 2147483647;
			files = (
				76947C3AFC132C0E21510144 /* AppState.swift in Sources */,
				81DC55BD18579CD2EBAAA730 /* ArchiveError.swift in Sources */,
				100BA1372FA0D17C5E5179CF /* ArchiveInfoView.swift in Sources */,
				A6489782FECCB8274AD040C4 /* ArchiveLock.swift in Sources */,
				645D1C7EFD819443E6671EF3 /* ArchiveManifest.swift in Sources */,
				CD52DEBFA6615E79E436FF21 /* ArchiveMerger.swift in Sources */,
				752C5B4E20BC567363C60337 /* ArchiveReader.swift in Sources */,
				3A4884799E2E63CD7ED22B29 /* ArchiveVerifier.swift in Sources */,
				40CD4FC94040225682C0DF0E /* ArchiveWriter.swift in Sources */,
				6556E107D86EF425B9E9D4C7 /* Attachment.swift in Sources */,
				EA5E76539767ED8FC072523D /* AttachmentCache.swift in Sources */,
				0656A46E6B88DD0E5B49EB6B /* AttachmentGridView.swift in Sources */,
				605C13757A6412F055EA0F58 /* AttachmentScanner.swift in Sources */,
				AC87F1BE9B7F3DC4A154FB46 /* AttributedBodyDecoder.swift in Sources */,
				5A50E39468E28C15A76C3D9E /* Chat.swift in Sources */,
				10DCD9EB0D9705C95CD5184A /* ChatListView.swift in Sources */,
				BA365D5FF3E81447FBF8CE7E /* ChatRowView.swift in Sources */,
				DCE414A033364C483E7178A1 /* ContactsResolver.swift in Sources */,
				55914797D53D25538810FB33 /* CreateArchiveCoordinator.swift in Sources */,
				F04C48639ABE06143933C4ED /* CreateArchiveView.swift in Sources */,
				E23B39AF941AEB3A437D0E70 /* Epoch.swift in Sources */,
				792CDE7192D4557ED9D3ECAA /* ErrorView.swift in Sources */,
				BC7C8CE44ABE4B31C2A2AA35 /* Message.swift in Sources */,
				62FB7350FC719A575B87F795 /* MessageBubbleView.swift in Sources */,
				1DF69F6C01D195A73C3B85A2 /* Monogram.swift in Sources */,
				0000C49B1E7A218AA0D0B4F7 /* NoArchiveView.swift in Sources */,
				31B335308CA94BAA18F0FD0E /* PlatformImage.swift in Sources */,
				F2747F6856BAAF0343DAD42D /* PlatformNavigation.swift in Sources */,
				C14D36C255EDA7CE2D57A102 /* ReactionsView.swift in Sources */,
				07ACE7776D47533286F3DA51 /* RootView.swift in Sources */,
				F905AAED12714FF4E5B9D183 /* SearchHit.swift in Sources */,
				3B33A3DDAAD7898774A52432 /* SearchView.swift in Sources */,
				0F3881A4C893DC5244170083 /* SmartArchiveStyle.swift in Sources */,
				83EC76525001B2C3D7D4A129 /* SourceDBReader.swift in Sources */,
				606979FA9ABB35E9D69034C6 /* SourceDBSnapshotter.swift in Sources */,
				5DC84988549ADF2DDF0135F0 /* TarReader.swift in Sources */,
				5E1BC5912181A354EE6113F6 /* TarWriter.swift in Sources */,
				A50A9B60BFAFD3D4A2878D1B /* ThreadView.swift in Sources */,
				866ED643AAC2036D8EADE786 /* Thumbnailer.swift in Sources */,
				9602E766FAAC13746CA827DB /* Tokens.swift in Sources */,
				8AEEE5D502FEC225A3DD8287 /* iCloudCoordinator.swift in Sources */,
				42F4D24E594A03BCD3260173 /* iMessageArchiverApp.swift in Sources */,
			);
			runOnlyForDeploymentPostprocessing = 0;
		};
/* End PBXSourcesBuildPhase section */

/* Begin PBXTargetDependency section */
		2A8049F6A479D33DE4343668 /* PBXTargetDependency */ = {
			isa = PBXTargetDependency;
			target = 0669B9307CEA9DAFBF72DF13 /* iMessageArchiver */;
			targetProxy = 21C3A7ACF8D2E4192AD842D7 /* PBXContainerItemProxy */;
		};
/* End PBXTargetDependency section */

/* Begin XCBuildConfiguration section */
		09D57EF9C8C2CE0D2AB8FB9E /* Release */ = {
			isa = XCBuildConfiguration;
			buildSettings = {
				ALWAYS_SEARCH_USER_PATHS = NO;
				ASSETCATALOG_COMPILER_GENERATE_SWIFT_ASSET_SYMBOL_EXTENSIONS = YES;
				CLANG_ANALYZER_NONNULL = YES;
				CLANG_ANALYZER_NUMBER_OBJECT_CONVERSION = YES_AGGRESSIVE;
				CLANG_CXX_LANGUAGE_STANDARD = "gnu++14";
				CLANG_CXX_LIBRARY = "libc++";
				CLANG_ENABLE_MODULES = YES;
				CLANG_ENABLE_OBJC_ARC = YES;
				CLANG_ENABLE_OBJC_WEAK = YES;
				CLANG_WARN_BLOCK_CAPTURE_AUTORELEASING = YES;
				CLANG_WARN_BOOL_CONVERSION = YES;
				CLANG_WARN_COMMA = YES;
				CLANG_WARN_CONSTANT_CONVERSION = YES;
				CLANG_WARN_DEPRECATED_OBJC_IMPLEMENTATIONS = YES;
				CLANG_WARN_DIRECT_OBJC_ISA_USAGE = YES_ERROR;
				CLANG_WARN_DOCUMENTATION_COMMENTS = YES;
				CLANG_WARN_EMPTY_BODY = YES;
				CLANG_WARN_ENUM_CONVERSION = YES;
				CLANG_WARN_INFINITE_RECURSION = YES;
				CLANG_WARN_INT_CONVERSION = YES;
				CLANG_WARN_NON_LITERAL_NULL_CONVERSION = YES;
				CLANG_WARN_OBJC_IMPLICIT_RETAIN_SELF = YES;
				CLANG_WARN_OBJC_LITERAL_CONVERSION = YES;
				CLANG_WARN_OBJC_ROOT_CLASS = YES_ERROR;
				CLANG_WARN_QUOTED_INCLUDE_IN_FRAMEWORK_HEADER = YES;
				CLANG_WARN_RANGE_LOOP_ANALYSIS = YES;
				CLANG_WARN_STRICT_PROTOTYPES = YES;
				CLANG_WARN_SUSPICIOUS_MOVE = YES;
				CLANG_WARN_UNGUARDED_AVAILABILITY = YES_AGGRESSIVE;
				CLANG_WARN_UNREACHABLE_CODE = YES;
				CLANG_WARN__DUPLICATE_METHOD_MATCH = YES;
				CODE_SIGN_STYLE = Automatic;
				COPY_PHASE_STRIP = NO;
				CURRENT_PROJECT_VERSION = 1;
				DEAD_CODE_STRIPPING = YES;
				DEBUG_INFORMATION_FORMAT = "dwarf-with-dsym";
				DEVELOPMENT_TEAM = 7V698GFQCM;
				ENABLE_NS_ASSERTIONS = NO;
				ENABLE_STRICT_OBJC_MSGSEND = YES;
				ENABLE_USER_SCRIPT_SANDBOXING = YES;
				GCC_C_LANGUAGE_STANDARD = gnu11;
				GCC_NO_COMMON_BLOCKS = YES;
				GCC_WARN_64_TO_32_BIT_CONVERSION = YES;
				GCC_WARN_ABOUT_RETURN_TYPE = YES_ERROR;
				GCC_WARN_UNDECLARED_SELECTOR = YES;
				GCC_WARN_UNINITIALIZED_AUTOS = YES_AGGRESSIVE;
				GCC_WARN_UNUSED_FUNCTION = YES;
				GCC_WARN_UNUSED_VARIABLE = YES;
				IPHONEOS_DEPLOYMENT_TARGET = 17.0;
				LOCALIZED_STRING_SWIFTUI_SUPPORT = YES;
				MACOSX_DEPLOYMENT_TARGET = 14.0;
				MARKETING_VERSION = 0.4.0;
				MTL_ENABLE_DEBUG_INFO = NO;
				MTL_FAST_MATH = YES;
				PRODUCT_NAME = "$(TARGET_NAME)";
				STRING_CATALOG_GENERATE_SYMBOLS = YES;
				SWIFT_COMPILATION_MODE = wholemodule;
				SWIFT_OPTIMIZATION_LEVEL = "-O";
				SWIFT_VERSION = 6.0;
			};
			name = Release;
		};
		1CB7EA0252C187B6EBE6C2A5 /* Release */ = {
			isa = XCBuildConfiguration;
			buildSettings = {
				ASSETCATALOG_COMPILER_APPICON_NAME = AppIcon;
				CODE_SIGN_ENTITLEMENTS = iMessageArchiver.entitlements;
				CODE_SIGN_IDENTITY = "iPhone Developer";
				INFOPLIST_FILE = Info.plist;
				IPHONEOS_DEPLOYMENT_TARGET = 17.0;
				LD_RUNPATH_SEARCH_PATHS = (
					"$(inherited)",
					"@executable_path/Frameworks",
				);
				PRODUCT_BUNDLE_IDENTIFIER = com.honk.imsgarchiver;
				PRODUCT_NAME = iMessageArchiver;
				SDKROOT = iphoneos;
				TARGETED_DEVICE_FAMILY = "1,2";
			};
			name = Release;
		};
		24417D66A30550824687AA0C /* Release */ = {
			isa = XCBuildConfiguration;
			buildSettings = {
				BUNDLE_LOADER = "$(TEST_HOST)";
				CODE_SIGN_STYLE = Automatic;
				DEVELOPMENT_TEAM = 7V698GFQCM;
				LD_RUNPATH_SEARCH_PATHS = (
					"$(inherited)",
					"@executable_path/Frameworks",
					"@loader_path/Frameworks",
				);
				PRODUCT_BUNDLE_IDENTIFIER = com.honk.imsgarchiver.tests;
				SDKROOT = iphoneos;
				TARGETED_DEVICE_FAMILY = "1,2";
				TEST_HOST = "$(BUILT_PRODUCTS_DIR)/iMessageArchiver.app/iMessageArchiver";
			};
			name = Release;
		};
		5AB73A188D060B2230F87068 /* Release */ = {
			isa = XCBuildConfiguration;
			buildSettings = {
				ASSETCATALOG_COMPILER_APPICON_NAME = AppIcon;
				CODE_SIGN_ENTITLEMENTS = iMessageArchiverMac.entitlements;
				COMBINE_HIDPI_IMAGES = YES;
				ENABLE_HARDENED_RUNTIME = YES;
				INFOPLIST_FILE = InfoMac.plist;
				LD_RUNPATH_SEARCH_PATHS = (
					"$(inherited)",
					"@executable_path/../Frameworks",
				);
				MACOSX_DEPLOYMENT_TARGET = 14.0;
				PRODUCT_BUNDLE_IDENTIFIER = "com.honk.imsgarchiver-mac";
				PRODUCT_NAME = iMessageArchiverMac;
				SDKROOT = macosx;
			};
			name = Release;
		};
		63C663739F928BFA99631645 /* Debug */ = {
			isa = XCBuildConfiguration;
			buildSettings = {
				ASSETCATALOG_COMPILER_APPICON_NAME = AppIcon;
				CODE_SIGN_ENTITLEMENTS = iMessageArchiver.entitlements;
				CODE_SIGN_IDENTITY = "iPhone Developer";
				INFOPLIST_FILE = Info.plist;
				IPHONEOS_DEPLOYMENT_TARGET = 17.0;
				LD_RUNPATH_SEARCH_PATHS = (
					"$(inherited)",
					"@executable_path/Frameworks",
				);
				PRODUCT_BUNDLE_IDENTIFIER = com.honk.imsgarchiver;
				PRODUCT_NAME = iMessageArchiver;
				SDKROOT = iphoneos;
				TARGETED_DEVICE_FAMILY = "1,2";
			};
			name = Debug;
		};
		B8F1BCDA0C819345F13BA724 /* Debug */ = {
			isa = XCBuildConfiguration;
			buildSettings = {
				BUNDLE_LOADER = "$(TEST_HOST)";
				CODE_SIGN_STYLE = Automatic;
				DEVELOPMENT_TEAM = 7V698GFQCM;
				LD_RUNPATH_SEARCH_PATHS = (
					"$(inherited)",
					"@executable_path/Frameworks",
					"@loader_path/Frameworks",
				);
				PRODUCT_BUNDLE_IDENTIFIER = com.honk.imsgarchiver.tests;
				SDKROOT = iphoneos;
				TARGETED_DEVICE_FAMILY = "1,2";
				TEST_HOST = "$(BUILT_PRODUCTS_DIR)/iMessageArchiver.app/iMessageArchiver";
			};
			name = Debug;
		};
		CBD0DA104F7DD10696CB0B01 /* Debug */ = {
			isa = XCBuildConfiguration;
			buildSettings = {
				ASSETCATALOG_COMPILER_APPICON_NAME = AppIcon;
				CODE_SIGN_ENTITLEMENTS = iMessageArchiverMac.entitlements;
				COMBINE_HIDPI_IMAGES = YES;
				ENABLE_HARDENED_RUNTIME = YES;
				INFOPLIST_FILE = InfoMac.plist;
				LD_RUNPATH_SEARCH_PATHS = (
					"$(inherited)",
					"@executable_path/../Frameworks",
				);
				MACOSX_DEPLOYMENT_TARGET = 14.0;
				PRODUCT_BUNDLE_IDENTIFIER = "com.honk.imsgarchiver-mac";
				PRODUCT_NAME = iMessageArchiverMac;
				SDKROOT = macosx;
			};
			name = Debug;
		};
		D90FE118F2EDDA26893B9701 /* Debug */ = {
			isa = XCBuildConfiguration;
			buildSettings = {
				ALWAYS_SEARCH_USER_PATHS = NO;
				ASSETCATALOG_COMPILER_GENERATE_SWIFT_ASSET_SYMBOL_EXTENSIONS = YES;
				CLANG_ANALYZER_NONNULL = YES;
				CLANG_ANALYZER_NUMBER_OBJECT_CONVERSION = YES_AGGRESSIVE;
				CLANG_CXX_LANGUAGE_STANDARD = "gnu++14";
				CLANG_CXX_LIBRARY = "libc++";
				CLANG_ENABLE_MODULES = YES;
				CLANG_ENABLE_OBJC_ARC = YES;
				CLANG_ENABLE_OBJC_WEAK = YES;
				CLANG_WARN_BLOCK_CAPTURE_AUTORELEASING = YES;
				CLANG_WARN_BOOL_CONVERSION = YES;
				CLANG_WARN_COMMA = YES;
				CLANG_WARN_CONSTANT_CONVERSION = YES;
				CLANG_WARN_DEPRECATED_OBJC_IMPLEMENTATIONS = YES;
				CLANG_WARN_DIRECT_OBJC_ISA_USAGE = YES_ERROR;
				CLANG_WARN_DOCUMENTATION_COMMENTS = YES;
				CLANG_WARN_EMPTY_BODY = YES;
				CLANG_WARN_ENUM_CONVERSION = YES;
				CLANG_WARN_INFINITE_RECURSION = YES;
				CLANG_WARN_INT_CONVERSION = YES;
				CLANG_WARN_NON_LITERAL_NULL_CONVERSION = YES;
				CLANG_WARN_OBJC_IMPLICIT_RETAIN_SELF = YES;
				CLANG_WARN_OBJC_LITERAL_CONVERSION = YES;
				CLANG_WARN_OBJC_ROOT_CLASS = YES_ERROR;
				CLANG_WARN_QUOTED_INCLUDE_IN_FRAMEWORK_HEADER = YES;
				CLANG_WARN_RANGE_LOOP_ANALYSIS = YES;
				CLANG_WARN_STRICT_PROTOTYPES = YES;
				CLANG_WARN_SUSPICIOUS_MOVE = YES;
				CLANG_WARN_UNGUARDED_AVAILABILITY = YES_AGGRESSIVE;
				CLANG_WARN_UNREACHABLE_CODE = YES;
				CLANG_WARN__DUPLICATE_METHOD_MATCH = YES;
				CODE_SIGN_STYLE = Automatic;
				COPY_PHASE_STRIP = NO;
				CURRENT_PROJECT_VERSION = 1;
				DEAD_CODE_STRIPPING = YES;
				DEBUG_INFORMATION_FORMAT = dwarf;
				DEVELOPMENT_TEAM = 7V698GFQCM;
				ENABLE_STRICT_OBJC_MSGSEND = YES;
				ENABLE_TESTABILITY = YES;
				ENABLE_USER_SCRIPT_SANDBOXING = YES;
				GCC_C_LANGUAGE_STANDARD = gnu11;
				GCC_DYNAMIC_NO_PIC = NO;
				GCC_NO_COMMON_BLOCKS = YES;
				GCC_OPTIMIZATION_LEVEL = 0;
				GCC_PREPROCESSOR_DEFINITIONS = (
					"$(inherited)",
					"DEBUG=1",
				);
				GCC_WARN_64_TO_32_BIT_CONVERSION = YES;
				GCC_WARN_ABOUT_RETURN_TYPE = YES_ERROR;
				GCC_WARN_UNDECLARED_SELECTOR = YES;
				GCC_WARN_UNINITIALIZED_AUTOS = YES_AGGRESSIVE;
				GCC_WARN_UNUSED_FUNCTION = YES;
				GCC_WARN_UNUSED_VARIABLE = YES;
				IPHONEOS_DEPLOYMENT_TARGET = 17.0;
				LOCALIZED_STRING_SWIFTUI_SUPPORT = YES;
				MACOSX_DEPLOYMENT_TARGET = 14.0;
				MARKETING_VERSION = 0.4.0;
				MTL_ENABLE_DEBUG_INFO = INCLUDE_SOURCE;
				MTL_FAST_MATH = YES;
				ONLY_ACTIVE_ARCH = YES;
				PRODUCT_NAME = "$(TARGET_NAME)";
				STRING_CATALOG_GENERATE_SYMBOLS = YES;
				SWIFT_ACTIVE_COMPILATION_CONDITIONS = DEBUG;
				SWIFT_OPTIMIZATION_LEVEL = "-Onone";
				SWIFT_VERSION = 6.0;
			};
			name = Debug;
		};
/* End XCBuildConfiguration section */

/* Begin XCConfigurationList section */
		234FD80CDC7D96F65F85678D /* Build configuration list for PBXProject "iMessageArchiver" */ = {
			isa = XCConfigurationList;
			buildConfigurations = (
				D90FE118F2EDDA26893B9701 /* Debug */,
				09D57EF9C8C2CE0D2AB8FB9E /* Release */,
			);
			defaultConfigurationIsVisible = 0;
			defaultConfigurationName = Debug;
		};
		4A1234C46920A5C25649D880 /* Build configuration list for PBXNativeTarget "iMessageArchiver" */ = {
			isa = XCConfigurationList;
			buildConfigurations = (
				63C663739F928BFA99631645 /* Debug */,
				1CB7EA0252C187B6EBE6C2A5 /* Release */,
			);
			defaultConfigurationIsVisible = 0;
			defaultConfigurationName = Debug;
		};
		8F4E7E21F14FE2CF2C0379A0 /* Build configuration list for PBXNativeTarget "iMessageArchiverMac" */ = {
			isa = XCConfigurationList;
			buildConfigurations = (
				CBD0DA104F7DD10696CB0B01 /* Debug */,
				5AB73A188D060B2230F87068 /* Release */,
			);
			defaultConfigurationIsVisible = 0;
			defaultConfigurationName = Debug;
		};
		B7DE6B8D95B18A486003D1F8 /* Build configuration list for PBXNativeTarget "iMessageArchiverTests" */ = {
			isa = XCConfigurationList;
			buildConfigurations = (
				B8F1BCDA0C819345F13BA724 /* Debug */,
				24417D66A30550824687AA0C /* Release */,
			);
			defaultConfigurationIsVisible = 0;
			defaultConfigurationName = Debug;
		};
/* End XCConfigurationList section */

/* Begin XCRemoteSwiftPackageReference section */
		5F23FFCA03BF402398D19874 /* XCRemoteSwiftPackageReference "GRDB.swift" */ = {
			isa = XCRemoteSwiftPackageReference;
			repositoryURL = "https://github.com/groue/GRDB.swift";
			requirement = {
				kind = upToNextMajorVersion;
				minimumVersion = 6.0.0;
			};
		};
/* End XCRemoteSwiftPackageReference section */

/* Begin XCSwiftPackageProductDependency section */
		36AD865687D5E22802D18618 /* GRDB */ = {
			isa = XCSwiftPackageProductDependency;
			package = 5F23FFCA03BF402398D19874 /* XCRemoteSwiftPackageReference "GRDB.swift" */;
			productName = GRDB;
		};
		7994F1349E28B6C043A049EE /* GRDB */ = {
			isa = XCSwiftPackageProductDependency;
			package = 5F23FFCA03BF402398D19874 /* XCRemoteSwiftPackageReference "GRDB.swift" */;
			productName = GRDB;
		};
		EB4D02CC37A2172500E72CFE /* GRDB */ = {
			isa = XCSwiftPackageProductDependency;
			package = 5F23FFCA03BF402398D19874 /* XCRemoteSwiftPackageReference "GRDB.swift" */;
			productName = GRDB;
		};
/* End XCSwiftPackageProductDependency section */
	};
	rootObject = 3937EAD14CCBCEADAE44A14A /* Project object */;
}
